// !$*UTF8*$!
{
	archiveVersion = 1;
	classes = {
	};
	objectVersion = 46;
	objects = {

/* Begin PBXBuildFile section */
		3F4CB3DF1E5D0A1400CB8A69 /* AppDelegate.swift in Sources */ = {isa = PBXBuildFile; fileRef = 3F4CB3DE1E5D0A1300CB8A69 /* AppDelegate.swift */; };
		3F4CB3E11E5D0A1400CB8A69 /* ViewController.swift in Sources */ = {isa = PBXBuildFile; fileRef = 3F4CB3E01E5D0A1400CB8A69 /* ViewController.swift */; };
		3F4CB3E41E5D0A1400CB8A69 /* Main.storyboard in Resources */ = {isa = PBXBuildFile; fileRef = 3F4CB3E21E5D0A1400CB8A69 /* Main.storyboard */; };
		3F4CB3E61E5D0A1400CB8A69 /* Assets.xcassets in Resources */ = {isa = PBXBuildFile; fileRef = 3F4CB3E51E5D0A1400CB8A69 /* Assets.xcassets */; };
		3F4CB3E91E5D0A1400CB8A69 /* LaunchScreen.storyboard in Resources */ = {isa = PBXBuildFile; fileRef = 3F4CB3E71E5D0A1400CB8A69 /* LaunchScreen.storyboard */; };
		3F4CB3F31E5D194200CB8A69 /* LoginViewController.swift in Sources */ = {isa = PBXBuildFile; fileRef = 3F4CB3F21E5D194200CB8A69 /* LoginViewController.swift */; };
		3F4CB3F71E5D20A600CB8A69 /* GoogleService-Info.plist in Resources */ = {isa = PBXBuildFile; fileRef = 3F4CB3F61E5D20A600CB8A69 /* GoogleService-Info.plist */; };
		6C8AA5FF8B444B978C12B370 /* Pods_MidTet.framework in Frameworks */ = {isa = PBXBuildFile; fileRef = 3B6ACF4FDB24F416C284300F /* Pods_MidTet.framework */; };
/* End PBXBuildFile section */

/* Begin PBXFileReference section */
		3B6ACF4FDB24F416C284300F /* Pods_MidTet.framework */ = {isa = PBXFileReference; explicitFileType = wrapper.framework; includeInIndex = 0; path = Pods_MidTet.framework; sourceTree = BUILT_PRODUCTS_DIR; };
		3F4CB3DB1E5D0A1300CB8A69 /* MidTet.app */ = {isa = PBXFileReference; explicitFileType = wrapper.application; includeInIndex = 0; path = MidTet.app; sourceTree = BUILT_PRODUCTS_DIR; };
		3F4CB3DE1E5D0A1300CB8A69 /* AppDelegate.swift */ = {isa = PBXFileReference; lastKnownFileType = sourcecode.swift; path = AppDelegate.swift; sourceTree = "<group>"; };
		3F4CB3E01E5D0A1400CB8A69 /* ViewController.swift */ = {isa = PBXFileReference; lastKnownFileType = sourcecode.swift; path = ViewController.swift; sourceTree = "<group>"; };
		3F4CB3E31E5D0A1400CB8A69 /* Base */ = {isa = PBXFileReference; lastKnownFileType = file.storyboard; name = Base; path = Base.lproj/Main.storyboard; sourceTree = "<group>"; };
		3F4CB3E51E5D0A1400CB8A69 /* Assets.xcassets */ = {isa = PBXFileReference; lastKnownFileType = folder.assetcatalog; path = Assets.xcassets; sourceTree = "<group>"; };
		3F4CB3E81E5D0A1400CB8A69 /* Base */ = {isa = PBXFileReference; lastKnownFileType = file.storyboard; name = Base; path = Base.lproj/LaunchScreen.storyboard; sourceTree = "<group>"; };
		3F4CB3EA1E5D0A1400CB8A69 /* Info.plist */ = {isa = PBXFileReference; lastKnownFileType = text.plist.xml; path = Info.plist; sourceTree = "<group>"; };
		3F4CB3F21E5D194200CB8A69 /* LoginViewController.swift */ = {isa = PBXFileReference; fileEncoding = 4; lastKnownFileType = sourcecode.swift; path = LoginViewController.swift; sourceTree = "<group>"; };
		3F4CB3F61E5D20A600CB8A69 /* GoogleService-Info.plist */ = {isa = PBXFileReference; fileEncoding = 4; lastKnownFileType = text.plist.xml; name = "GoogleService-Info.plist"; path = "../../../GoogleService-Info.plist"; sourceTree = "<group>"; };
		5755DAF2B8840FFFDEECD242 /* Pods-MidTet.release.xcconfig */ = {isa = PBXFileReference; includeInIndex = 1; lastKnownFileType = text.xcconfig; name = "Pods-MidTet.release.xcconfig"; path = "Pods/Target Support Files/Pods-MidTet/Pods-MidTet.release.xcconfig"; sourceTree = "<group>"; };
		ECA75539874B22D00CF533A1 /* Pods-MidTet.debug.xcconfig */ = {isa = PBXFileReference; includeInIndex = 1; lastKnownFileType = text.xcconfig; name = "Pods-MidTet.debug.xcconfig"; path = "Pods/Target Support Files/Pods-MidTet/Pods-MidTet.debug.xcconfig"; sourceTree = "<group>"; };
/* End PBXFileReference section */

/* Begin PBXFrameworksBuildPhase section */
		3F4CB3D81E5D0A1300CB8A69 /* Frameworks */ = {
			isa = PBXFrameworksBuildPhase;
			buildActionMask = 2147483647;
			files = (
				6C8AA5FF8B444B978C12B370 /* Pods_MidTet.framework in Frameworks */,
			);
			runOnlyForDeploymentPostprocessing = 0;
		};
/* End PBXFrameworksBuildPhase section */

/* Begin PBXGroup section */
		21603289BDC5BE7ABEDB1CB7 /* Pods */ = {
			isa = PBXGroup;
			children = (
				ECA75539874B22D00CF533A1 /* Pods-MidTet.debug.xcconfig */,
				5755DAF2B8840FFFDEECD242 /* Pods-MidTet.release.xcconfig */,
			);
			name = Pods;
			sourceTree = "<group>";
		};
		3F4CB3D21E5D0A1300CB8A69 = {
			isa = PBXGroup;
			children = (
				3F4CB3DD1E5D0A1300CB8A69 /* MidTet */,
				3F4CB3DC1E5D0A1300CB8A69 /* Products */,
				21603289BDC5BE7ABEDB1CB7 /* Pods */,
				F70AA59C0471F80F068E63CC /* Frameworks */,
			);
			sourceTree = "<group>";
		};
		3F4CB3DC1E5D0A1300CB8A69 /* Products */ = {
			isa = PBXGroup;
			children = (
				3F4CB3DB1E5D0A1300CB8A69 /* MidTet.app */,
			);
			name = Products;
			sourceTree = "<group>";
		};
		3F4CB3DD1E5D0A1300CB8A69 /* MidTet */ = {
			isa = PBXGroup;
			children = (
				3F4CB3DE1E5D0A1300CB8A69 /* AppDelegate.swift */,
				3F4CB3E01E5D0A1400CB8A69 /* ViewController.swift */,
				3F4CB3E21E5D0A1400CB8A69 /* Main.storyboard */,
				3F4CB3F21E5D194200CB8A69 /* LoginViewController.swift */,
				3F4CB3F61E5D20A600CB8A69 /* GoogleService-Info.plist */,
				3F4CB3E51E5D0A1400CB8A69 /* Assets.xcassets */,
				3F4CB3E71E5D0A1400CB8A69 /* LaunchScreen.storyboard */,
				3F4CB3EA1E5D0A1400CB8A69 /* Info.plist */,
			);
			path = MidTet;
			sourceTree = "<group>";
		};
		F70AA59C0471F80F068E63CC /* Frameworks */ = {
			isa = PBXGroup;
			children = (
				3B6ACF4FDB24F416C284300F /* Pods_MidTet.framework */,
			);
			name = Frameworks;
			sourceTree = "<group>";
		};
/* End PBXGroup section */

/* Begin PBXNativeTarget section */
		3F4CB3DA1E5D0A1300CB8A69 /* MidTet */ = {
			isa = PBXNativeTarget;
			buildConfigurationList = 3F4CB3ED1E5D0A1400CB8A69 /* Build configuration list for PBXNativeTarget "MidTet" */;
			buildPhases = (
				38A11515AC5C5E6A9DE36208 /* [CP] Check Pods Manifest.lock */,
				3F4CB3D71E5D0A1300CB8A69 /* Sources */,
				3F4CB3D81E5D0A1300CB8A69 /* Frameworks */,
				3F4CB3D91E5D0A1300CB8A69 /* Resources */,
				DA21DDE02CC2A35424B06178 /* [CP] Embed Pods Frameworks */,
				C4E21761BE3A9D882B8BDE21 /* [CP] Copy Pods Resources */,
			);
			buildRules = (
			);
			dependencies = (
			);
			name = MidTet;
			productName = MidTet;
			productReference = 3F4CB3DB1E5D0A1300CB8A69 /* MidTet.app */;
			productType = "com.apple.product-type.application";
		};
/* End PBXNativeTarget section */

/* Begin PBXProject section */
		3F4CB3D31E5D0A1300CB8A69 /* Project object */ = {
			isa = PBXProject;
			attributes = {
				LastSwiftUpdateCheck = 0820;
				LastUpgradeCheck = 0820;
				ORGANIZATIONNAME = MAPD114;
				TargetAttributes = {
					3F4CB3DA1E5D0A1300CB8A69 = {
						CreatedOnToolsVersion = 8.2.1;
						ProvisioningStyle = Automatic;
					};
				};
			};
			buildConfigurationList = 3F4CB3D61E5D0A1300CB8A69 /* Build configuration list for PBXProject "MidTet" */;
			compatibilityVersion = "Xcode 3.2";
			developmentRegion = English;
			hasScannedForEncodings = 0;
			knownRegions = (
				en,
				Base,
			);
			mainGroup = 3F4CB3D21E5D0A1300CB8A69;
			productRefGroup = 3F4CB3DC1E5D0A1300CB8A69 /* Products */;
			projectDirPath = "";
			projectRoot = "";
			targets = (
				3F4CB3DA1E5D0A1300CB8A69 /* MidTet */,
			);
		};
/* End PBXProject section */

/* Begin PBXResourcesBuildPhase section */
		3F4CB3D91E5D0A1300CB8A69 /* Resources */ = {
			isa = PBXResourcesBuildPhase;
			buildActionMask = 2147483647;
			files = (
				3F4CB3E91E5D0A1400CB8A69 /* LaunchScreen.storyboard in Resources */,
				3F4CB3F71E5D20A600CB8A69 /* GoogleService-Info.plist in Resources */,
				3F4CB3E61E5D0A1400CB8A69 /* Assets.xcassets in Resources */,
				3F4CB3E41E5D0A1400CB8A69 /* Main.storyboard in Resources */,
			);
			runOnlyForDeploymentPostprocessing = 0;
		};
/* End PBXResourcesBuildPhase section */

/* Begin PBXShellScriptBuildPhase section */
		38A11515AC5C5E6A9DE36208 /* [CP] Check Pods Manifest.lock */ = {
			isa = PBXShellScriptBuildPhase;
			buildActionMask = 2147483647;
			files = (
			);
			inputPaths = (
			);
			name = "[CP] Check Pods Manifest.lock";
			outputPaths = (
			);
			runOnlyForDeploymentPostprocessing = 0;
			shellPath = /bin/sh;
			shellScript = "diff \"${PODS_ROOT}/../Podfile.lock\" \"${PODS_ROOT}/Manifest.lock\" > /dev/null\nif [ $? != 0 ] ; then\n    # print error to STDERR\n    echo \"error: The sandbox is not in sync with the Podfile.lock. Run 'pod install' or update your CocoaPods installation.\" >&2\n    exit 1\nfi\n";
			showEnvVarsInLog = 0;
		};
		C4E21761BE3A9D882B8BDE21 /* [CP] Copy Pods Resources */ = {
			isa = PBXShellScriptBuildPhase;
			buildActionMask = 2147483647;
			files = (
			);
			inputPaths = (
			);
			name = "[CP] Copy Pods Resources";
			outputPaths = (
			);
			runOnlyForDeploymentPostprocessing = 0;
			shellPath = /bin/sh;
			shellScript = "\"${SRCROOT}/Pods/Target Support Files/Pods-MidTet/Pods-MidTet-resources.sh\"\n";
			showEnvVarsInLog = 0;
		};
		DA21DDE02CC2A35424B06178 /* [CP] Embed Pods Frameworks */ = {
			isa = PBXShellScriptBuildPhase;
			buildActionMask = 2147483647;
			files = (
			);
			inputPaths = (
			);
			name = "[CP] Embed Pods Frameworks";
			outputPaths = (
			);
			runOnlyForDeploymentPostprocessing = 0;
			shellPath = /bin/sh;
			shellScript = "\"${SRCROOT}/Pods/Target Support Files/Pods-MidTet/Pods-MidTet-frameworks.sh\"\n";
			showEnvVarsInLog = 0;
		};
/* End PBXShellScriptBuildPhase section */

/* Begin PBXSourcesBuildPhase section */
		3F4CB3D71E5D0A1300CB8A69 /* Sources */ = {
			isa = PBXSourcesBuildPhase;
			buildActionMask = 2147483647;
			files = (
				3F4CB3F31E5D194200CB8A69 /* LoginViewController.swift in Sources */,
				3F4CB3E11E5D0A1400CB8A69 /* ViewController.swift in Sources */,
				3F4CB3DF1E5D0A1400CB8A69 /* AppDelegate.swift in Sources */,
			);
			runOnlyForDeploymentPostprocessing = 0;
		};
/* End PBXSourcesBuildPhase section */

/* Begin PBXVariantGroup section */
		3F4CB3E21E5D0A1400CB8A69 /* Main.storyboard */ = {
			isa = PBXVariantGroup;
			children = (
				3F4CB3E31E5D0A1400CB8A69 /* Base */,
			);
			name = Main.storyboard;
			sourceTree = "<group>";
		};
		3F4CB3E71E5D0A1400CB8A69 /* LaunchScreen.storyboard */ = {
			isa = PBXVariantGroup;
			children = (
				3F4CB3E81E5D0A1400CB8A69 /* Base */,
			);
			name = LaunchScreen.storyboard;
			sourceTree = "<group>";
		};
/* End PBXVariantGroup section */

/* Begin XCBuildConfiguration section */
		3F4CB3EB1E5D0A1400CB8A69 /* Debug */ = {
			isa = XCBuildConfiguration;
			buildSettings = {
				ALWAYS_SEARCH_USER_PATHS = NO;
				CLANG_ANALYZER_NONNULL = YES;
				CLANG_CXX_LANGUAGE_STANDARD = "gnu++0x";
				CLANG_CXX_LIBRARY = "libc++";
				CLANG_ENABLE_MODULES = YES;
				CLANG_ENABLE_OBJC_ARC = YES;
				CLANG_WARN_BOOL_CONVERSION = YES;
				CLANG_WARN_CONSTANT_CONVERSION = YES;
				CLANG_WARN_DIRECT_OBJC_ISA_USAGE = YES_ERROR;
				CLANG_WARN_DOCUMENTATION_COMMENTS = YES;
				CLANG_WARN_EMPTY_BODY = YES;
				CLANG_WARN_ENUM_CONVERSION = YES;
				CLANG_WARN_INFINITE_RECURSION = YES;
				CLANG_WARN_INT_CONVERSION = YES;
				CLANG_WARN_OBJC_ROOT_CLASS = YES_ERROR;
				CLANG_WARN_SUSPICIOUS_MOVE = YES;
				CLANG_WARN_UNREACHABLE_CODE = YES;
				CLANG_WARN__DUPLICATE_METHOD_MATCH = YES;
				"CODE_SIGN_IDENTITY[sdk=iphoneos*]" = "iPhone Developer";
				COPY_PHASE_STRIP = NO;
				DEBUG_INFORMATION_FORMAT = dwarf;
				ENABLE_STRICT_OBJC_MSGSEND = YES;
				ENABLE_TESTABILITY = YES;
				GCC_C_LANGUAGE_STANDARD = gnu99;
				GCC_DYNAMIC_NO_PIC = NO;
				GCC_NO_COMMON_BLOCKS = YES;
				GCC_OPTIMIZATION_LEVEL = 0;
				GCC_PREPROCESSOR_DEFINITIONS = (
					"DEBUG=1",
					"$(inherited)",
				);
				GCC_WARN_64_TO_32_BIT_CONVERSION = YES;
				GCC_WARN_ABOUT_RETURN_TYPE = YES_ERROR;
				GCC_WARN_UNDECLARED_SELECTOR = YES;
				GCC_WARN_UNINITIALIZED_AUTOS = YES_AGGRESSIVE;
				GCC_WARN_UNUSED_FUNCTION = YES;
				GCC_WARN_UNUSED_VARIABLE = YES;
				IPHONEOS_DEPLOYMENT_TARGET = 10.2;
				MTL_ENABLE_DEBUG_INFO = YES;
				ONLY_ACTIVE_ARCH = YES;
				SDKROOT = iphoneos;
				SWIFT_ACTIVE_COMPILATION_CONDITIONS = DEBUG;
				SWIFT_OPTIMIZATION_LEVEL = "-Onone";
			};
			name = Debug;
		};
		3F4CB3EC1E5D0A1400CB8A69 /* Release */ = {
			isa = XCBuildConfiguration;
			buildSettings = {
				ALWAYS_SEARCH_USER_PATHS = NO;
				CLANG_ANALYZER_NONNULL = YES;
				CLANG_CXX_LANGUAGE_STANDARD = "gnu++0x";
				CLANG_CXX_LIBRARY = "libc++";
				CLANG_ENABLE_MODULES = YES;
				CLANG_ENABLE_OBJC_ARC = YES;
				CLANG_WARN_BOOL_CONVERSION = YES;
				CLANG_WARN_CONSTANT_CONVERSION = YES;
				CLANG_WARN_DIRECT_OBJC_ISA_USAGE = YES_ERROR;
				CLANG_WARN_DOCUMENTATION_COMMENTS = YES;
				CLANG_WARN_EMPTY_BODY = YES;
				CLANG_WARN_ENUM_CONVERSION = YES;
				CLANG_WARN_INFINITE_RECURSION = YES;
				CLANG_WARN_INT_CONVERSION = YES;
				CLANG_WARN_OBJC_ROOT_CLASS = YES_ERROR;
				CLANG_WARN_SUSPICIOUS_MOVE = YES;
				CLANG_WARN_UNREACHABLE_CODE = YES;
				CLANG_WARN__DUPLICATE_METHOD_MATCH = YES;
				"CODE_SIGN_IDENTITY[sdk=iphoneos*]" = "iPhone Developer";
				COPY_PHASE_STRIP = NO;
				DEBUG_INFORMATION_FORMAT = "dwarf-with-dsym";
				ENABLE_NS_ASSERTIONS = NO;
				ENABLE_STRICT_OBJC_MSGSEND = YES;
				GCC_C_LANGUAGE_STANDARD = gnu99;
				GCC_NO_COMMON_BLOCKS = YES;
				GCC_WARN_64_TO_32_BIT_CONVERSION = YES;
				GCC_WARN_ABOUT_RETURN_TYPE = YES_ERROR;
				GCC_WARN_UNDECLARED_SELECTOR = YES;
				GCC_WARN_UNINITIALIZED_AUTOS = YES_AGGRESSIVE;
				GCC_WARN_UNUSED_FUNCTION = YES;
				GCC_WARN_UNUSED_VARIABLE = YES;
				IPHONEOS_DEPLOYMENT_TARGET = 10.2;
				MTL_ENABLE_DEBUG_INFO = NO;
				SDKROOT = iphoneos;
				SWIFT_OPTIMIZATION_LEVEL = "-Owholemodule";
				VALIDATE_PRODUCT = YES;
			};
			name = Release;
		};
		3F4CB3EE1E5D0A1400CB8A69 /* Debug */ = {
			isa = XCBuildConfiguration;
			baseConfigurationReference = ECA75539874B22D00CF533A1 /* Pods-MidTet.debug.xcconfig */;
			buildSettings = {
				ASSETCATALOG_COMPILER_APPICON_NAME = AppIcon;
				INFOPLIST_FILE = MidTet/Info.plist;
				LD_RUNPATH_SEARCH_PATHS = "$(inherited) @executable_path/Frameworks";
				PRODUCT_BUNDLE_IDENTIFIER = com.obelchakmykhailo.MidTet;
				PRODUCT_NAME = "$(TARGET_NAME)";
				SWIFT_VERSION = 3.0;
			};
			name = Debug;
		};
		3F4CB3EF1E5D0A1400CB8A69 /* Release */ = {
			isa = XCBuildConfiguration;
			baseConfigurationReference = 5755DAF2B8840FFFDEECD242 /* Pods-MidTet.release.xcconfig */;
			buildSettings = {
				ASSETCATALOG_COMPILER_APPICON_NAME = AppIcon;
				INFOPLIST_FILE = MidTet/Info.plist;
				LD_RUNPATH_SEARCH_PATHS = "$(inherited) @executable_path/Frameworks";
				PRODUCT_BUNDLE_IDENTIFIER = com.obelchakmykhailo.MidTet;
				PRODUCT_NAME = "$(TARGET_NAME)";
				SWIFT_VERSION = 3.0;
			};
			name = Release;
		};
/* End XCBuildConfiguration section */

/* Begin XCConfigurationList section */
		3F4CB3D61E5D0A1300CB8A69 /* Build configuration list for PBXProject "MidTet" */ = {
			isa = XCConfigurationList;
			buildConfigurations = (
				3F4CB3EB1E5D0A1400CB8A69 /* Debug */,
				3F4CB3EC1E5D0A1400CB8A69 /* Release */,
			);
			defaultConfigurationIsVisible = 0;
			defaultConfigurationName = Release;
		};
		3F4CB3ED1E5D0A1400CB8A69 /* Build configuration list for PBXNativeTarget "MidTet" */ = {
			isa = XCConfigurationList;
			buildConfigurations = (
				3F4CB3EE1E5D0A1400CB8A69 /* Debug */,
				3F4CB3EF1E5D0A1400CB8A69 /* Release */,
			);
			defaultConfigurationIsVisible = 0;
			defaultConfigurationName = Release;
		};
/* End XCConfigurationList section */
	};
	rootObject = 3F4CB3D31E5D0A1300CB8A69 /* Project object */;
}
